
Microsoft Visual Studio Solution File, Format Version 12.00
# Visual Studio Version 17
VisualStudioVersion = 17.13.35931.197 d17.13
MinimumVisualStudioVersion = 10.0.40219.1
Project("{FAE04EC0-301F-11D3-BF4B-00C04F79EFBC}") = "BlazorPhone.Tests", "BlazorPhone.Tests.csproj", "{2CEE8D49-7D4A-32F8-255A-57E446A3D0D3}"
EndProject
Project("{FAE04EC0-301F-11D3-BF4B-00C04F79EFBC}") = "BlazorPhone", "..\BlazorPhone\BlazorPhone.csproj", "{0BF1071A-CE8D-6AF3-E6E8-D29CD34B0715}"
EndProject
Global
	GlobalSection(SolutionConfigurationPlatforms) = preSolution
		Debug|Any CPU = Debug|Any CPU
		Release|Any CPU = Release|Any CPU
	EndGlobalSection
	GlobalSection(ProjectConfigurationPlatforms) = postSolution
		{2CEE8D49-7D4A-32F8-255A-57E446A3D0D3}.Debug|Any CPU.ActiveCfg = Debug|Any CPU
		{2CEE8D49-7D4A-32F8-255A-57E446A3D0D3}.Debug|Any CPU.Build.0 = Debug|Any CPU
		{2CEE8D49-7D4A-32F8-255A-57E446A3D0D3}.Release|Any CPU.ActiveCfg = Release|Any CPU
		{2CEE8D49-7D4A-32F8-255A-57E446A3D0D3}.Release|Any CPU.Build.0 = Release|Any CPU
		{0BF1071A-CE8D-6AF3-E6E8-D29CD34B0715}.Debug|Any CPU.ActiveCfg = Debug|Any CPU
		{0BF1071A-CE8D-6AF3-E6E8-D29CD34B0715}.Debug|Any CPU.Build.0 = Debug|Any CPU
		{0BF1071A-CE8D-6AF3-E6E8-D29CD34B0715}.Release|Any CPU.ActiveCfg = Release|Any CPU
		{0BF1071A-CE8D-6AF3-E6E8-D29CD34B0715}.Release|Any CPU.Build.0 = Release|Any CPU
	EndGlobalSection
	GlobalSection(SolutionProperties) = preSolution
		HideSolutionNode = FALSE
	EndGlobalSection
	GlobalSection(ExtensibilityGlobals) = postSolution
		SolutionGuid = {91B7F203-F33C-4E16-9F49-07B236014E28}
	EndGlobalSection
EndGlobal
